
Microsoft Visual Studio Solution File, Format Version 12.00
# Visual Studio Version 17
VisualStudioVersion = 17.0.31903.59
MinimumVisualStudioVersion = 10.0.40219.1
Project("{2150E333-8FDC-42A3-9474-1A3956D46DE8}") = "src", "src", "{827E0CD3-B72D-47B6-A68D-7590B98EB39B}"
EndProject
Project("{FAE04EC0-301F-11D3-BF4B-00C04F79EFBC}") = "TripPlanner.Domain", "src\TripPlanner.Domain\TripPlanner.Domain.csproj", "{2048ADDA-51BA-4FAE-AEBA-A3297942B809}"
EndProject
Project("{FAE04EC0-301F-11D3-BF4B-00C04F79EFBC}") = "TripPlanner.Application", "src\TripPlanner.Application\TripPlanner.Application.csproj", "{CA1B6C5E-F512-4E74-9579-2A0ADE385080}"
EndProject
Project("{FAE04EC0-301F-11D3-BF4B-00C04F79EFBC}") = "TripPlanner.Infrastructure", "src\TripPlanner.Infrastructure\TripPlanner.Infrastructure.csproj", "{EAA9F26A-DBFE-4F87-9B92-27FB26D1ABB8}"
EndProject
Project("{FAE04EC0-301F-11D3-BF4B-00C04F79EFBC}") = "TripPlanner.WebApi", "src\TripPlanner.WebApi\TripPlanner.WebApi.csproj", "{39DE2338-B99C-434C-9AD0-2F54BC20C424}"
EndProject
Project("{2150E333-8FDC-42A3-9474-1A3956D46DE8}") = "tests", "tests", "{0AB3BF05-4346-4AA6-1389-037BE0695223}"
EndProject
Project("{FAE04EC0-301F-11D3-BF4B-00C04F79EFBC}") = "TripPlanner.Application.UnitTests", "tests\TripPlanner.Application.UnitTests\TripPlanner.Application.UnitTests.csproj", "{57CD413A-DF44-4D6F-A53A-D194B1B15E60}"
EndProject
Project("{FAE04EC0-301F-11D3-BF4B-00C04F79EFBC}") = "TripPlanner.WebApi.IntegrationTests", "tests\TripPlanner.WebApi.IntegrationTests\TripPlanner.WebApi.IntegrationTests.csproj", "{DB23D212-67D2-4EAC-AAF6-5096C82FE4A3}"
EndProject
Global
	GlobalSection(SolutionConfigurationPlatforms) = preSolution
		Debug|Any CPU = Debug|Any CPU
		Debug|x64 = Debug|x64
		Debug|x86 = Debug|x86
		Release|Any CPU = Release|Any CPU
		Release|x64 = Release|x64
		Release|x86 = Release|x86
	EndGlobalSection
	GlobalSection(ProjectConfigurationPlatforms) = postSolution
		{2048ADDA-51BA-4FAE-AEBA-A3297942B809}.Debug|Any CPU.ActiveCfg = Debug|Any CPU
		{2048ADDA-51BA-4FAE-AEBA-A3297942B809}.Debug|Any CPU.Build.0 = Debug|Any CPU
		{2048ADDA-51BA-4FAE-AEBA-A3297942B809}.Debug|x64.ActiveCfg = Debug|Any CPU
		{2048ADDA-51BA-4FAE-AEBA-A3297942B809}.Debug|x64.Build.0 = Debug|Any CPU
		{2048ADDA-51BA-4FAE-AEBA-A3297942B809}.Debug|x86.ActiveCfg = Debug|Any CPU
		{2048ADDA-51BA-4FAE-AEBA-A3297942B809}.Debug|x86.Build.0 = Debug|Any CPU
		{2048ADDA-51BA-4FAE-AEBA-A3297942B809}.Release|Any CPU.ActiveCfg = Release|Any CPU
		{2048ADDA-51BA-4FAE-AEBA-A3297942B809}.Release|Any CPU.Build.0 = Release|Any CPU
		{2048ADDA-51BA-4FAE-AEBA-A3297942B809}.Release|x64.ActiveCfg = Release|Any CPU
		{2048ADDA-51BA-4FAE-AEBA-A3297942B809}.Release|x64.Build.0 = Release|Any CPU
		{2048ADDA-51BA-4FAE-AEBA-A3297942B809}.Release|x86.ActiveCfg = Release|Any CPU
		{2048ADDA-51BA-4FAE-AEBA-A3297942B809}.Release|x86.Build.0 = Release|Any CPU
		{CA1B6C5E-F512-4E74-9579-2A0ADE385080}.Debug|Any CPU.ActiveCfg = Debug|Any CPU
		{CA1B6C5E-F512-4E74-9579-2A0ADE385080}.Debug|Any CPU.Build.0 = Debug|Any CPU
		{CA1B6C5E-F512-4E74-9579-2A0ADE385080}.Debug|x64.ActiveCfg = Debug|Any CPU
		{CA1B6C5E-F512-4E74-9579-2A0ADE385080}.Debug|x64.Build.0 = Debug|Any CPU
		{CA1B6C5E-F512-4E74-9579-2A0ADE385080}.Debug|x86.ActiveCfg = Debug|Any CPU
		{CA1B6C5E-F512-4E74-9579-2A0ADE385080}.Debug|x86.Build.0 = Debug|Any CPU
		{CA1B6C5E-F512-4E74-9579-2A0ADE385080}.Release|Any CPU.ActiveCfg = Release|Any CPU
		{CA1B6C5E-F512-4E74-9579-2A0ADE385080}.Release|Any CPU.Build.0 = Release|Any CPU
		{CA1B6C5E-F512-4E74-9579-2A0ADE385080}.Release|x64.ActiveCfg = Release|Any CPU
		{CA1B6C5E-F512-4E74-9579-2A0ADE385080}.Release|x64.Build.0 = Release|Any CPU
		{CA1B6C5E-F512-4E74-9579-2A0ADE385080}.Release|x86.ActiveCfg = Release|Any CPU
		{CA1B6C5E-F512-4E74-9579-2A0ADE385080}.Release|x86.Build.0 = Release|Any CPU
		{EAA9F26A-DBFE-4F87-9B92-27FB26D1ABB8}.Debug|Any CPU.ActiveCfg = Debug|Any CPU
		{EAA9F26A-DBFE-4F87-9B92-27FB26D1ABB8}.Debug|Any CPU.Build.0 = Debug|Any CPU
		{EAA9F26A-DBFE-4F87-9B92-27FB26D1ABB8}.Debug|x64.ActiveCfg = Debug|Any CPU
		{EAA9F26A-DBFE-4F87-9B92-27FB26D1ABB8}.Debug|x64.Build.0 = Debug|Any CPU
		{EAA9F26A-DBFE-4F87-9B92-27FB26D1ABB8}.Debug|x86.ActiveCfg = Debug|Any CPU
		{EAA9F26A-DBFE-4F87-9B92-27FB26D1ABB8}.Debug|x86.Build.0 = Debug|Any CPU
		{EAA9F26A-DBFE-4F87-9B92-27FB26D1ABB8}.Release|Any CPU.ActiveCfg = Release|Any CPU
		{EAA9F26A-DBFE-4F87-9B92-27FB26D1ABB8}.Release|Any CPU.Build.0 = Release|Any CPU
		{EAA9F26A-DBFE-4F87-9B92-27FB26D1ABB8}.Release|x64.ActiveCfg = Release|Any CPU
		{EAA9F26A-DBFE-4F87-9B92-27FB26D1ABB8}.Release|x64.Build.0 = Release|Any CPU
		{EAA9F26A-DBFE-4F87-9B92-27FB26D1ABB8}.Release|x86.ActiveCfg = Release|Any CPU
		{EAA9F26A-DBFE-4F87-9B92-27FB26D1ABB8}.Release|x86.Build.0 = Release|Any CPU
		{39DE2338-B99C-434C-9AD0-2F54BC20C424}.Debug|Any CPU.ActiveCfg = Debug|Any CPU
		{39DE2338-B99C-434C-9AD0-2F54BC20C424}.Debug|Any CPU.Build.0 = Debug|Any CPU
		{39DE2338-B99C-434C-9AD0-2F54BC20C424}.Debug|x64.ActiveCfg = Debug|Any CPU
		{39DE2338-B99C-434C-9AD0-2F54BC20C424}.Debug|x64.Build.0 = Debug|Any CPU
		{39DE2338-B99C-434C-9AD0-2F54BC20C424}.Debug|x86.ActiveCfg = Debug|Any CPU
		{39DE2338-B99C-434C-9AD0-2F54BC20C424}.Debug|x86.Build.0 = Debug|Any CPU
		{39DE2338-B99C-434C-9AD0-2F54BC20C424}.Release|Any CPU.ActiveCfg = Release|Any CPU
		{39DE2338-B99C-434C-9AD0-2F54BC20C424}.Release|Any CPU.Build.0 = Release|Any CPU
		{39DE2338-B99C-434C-9AD0-2F54BC20C424}.Release|x64.ActiveCfg = Release|Any CPU
		{39DE2338-B99C-434C-9AD0-2F54BC20C424}.Release|x64.Build.0 = Release|Any CPU
		{39DE2338-B99C-434C-9AD0-2F54BC20C424}.Release|x86.ActiveCfg = Release|Any CPU
		{39DE2338-B99C-434C-9AD0-2F54BC20C424}.Release|x86.Build.0 = Release|Any CPU
		{57CD413A-DF44-4D6F-A53A-D194B1B15E60}.Debug|Any CPU.ActiveCfg = Debug|Any CPU
		{57CD413A-DF44-4D6F-A53A-D194B1B15E60}.Debug|Any CPU.Build.0 = Debug|Any CPU
		{57CD413A-DF44-4D6F-A53A-D194B1B15E60}.Debug|x64.ActiveCfg = Debug|Any CPU
		{57CD413A-DF44-4D6F-A53A-D194B1B15E60}.Debug|x64.Build.0 = Debug|Any CPU
		{57CD413A-DF44-4D6F-A53A-D194B1B15E60}.Debug|x86.ActiveCfg = Debug|Any CPU
		{57CD413A-DF44-4D6F-A53A-D194B1B15E60}.Debug|x86.Build.0 = Debug|Any CPU
		{57CD413A-DF44-4D6F-A53A-D194B1B15E60}.Release|Any CPU.ActiveCfg = Release|Any CPU
		{57CD413A-DF44-4D6F-A53A-D194B1B15E60}.Release|Any CPU.Build.0 = Release|Any CPU
		{57CD413A-DF44-4D6F-A53A-D194B1B15E60}.Release|x64.ActiveCfg = Release|Any CPU
		{57CD413A-DF44-4D6F-A53A-D194B1B15E60}.Release|x64.Build.0 = Release|Any CPU
		{57CD413A-DF44-4D6F-A53A-D194B1B15E60}.Release|x86.ActiveCfg = Release|Any CPU
		{57CD413A-DF44-4D6F-A53A-D194B1B15E60}.Release|x86.Build.0 = Release|Any CPU
		{DB23D212-67D2-4EAC-AAF6-5096C82FE4A3}.Debug|Any CPU.ActiveCfg = Debug|Any CPU
		{DB23D212-67D2-4EAC-AAF6-5096C82FE4A3}.Debug|Any CPU.Build.0 = Debug|Any CPU
		{DB23D212-67D2-4EAC-AAF6-5096C82FE4A3}.Debug|x64.ActiveCfg = Debug|Any CPU
		{DB23D212-67D2-4EAC-AAF6-5096C82FE4A3}.Debug|x64.Build.0 = Debug|Any CPU
		{DB23D212-67D2-4EAC-AAF6-5096C82FE4A3}.Debug|x86.ActiveCfg = Debug|Any CPU
		{DB23D212-67D2-4EAC-AAF6-5096C82FE4A3}.Debug|x86.Build.0 = Debug|Any CPU
		{DB23D212-67D2-4EAC-AAF6-5096C82FE4A3}.Release|Any CPU.ActiveCfg = Release|Any CPU
		{DB23D212-67D2-4EAC-AAF6-5096C82FE4A3}.Release|Any CPU.Build.0 = Release|Any CPU
		{DB23D212-67D2-4EAC-AAF6-5096C82FE4A3}.Release|x64.ActiveCfg = Release|Any CPU
		{DB23D212-67D2-4EAC-AAF6-5096C82FE4A3}.Release|x64.Build.0 = Release|Any CPU
		{DB23D212-67D2-4EAC-AAF6-5096C82FE4A3}.Release|x86.ActiveCfg = Release|Any CPU
		{DB23D212-67D2-4EAC-AAF6-5096C82FE4A3}.Release|x86.Build.0 = Release|Any CPU
	EndGlobalSection
	GlobalSection(SolutionProperties) = preSolution
		HideSolutionNode = FALSE
	EndGlobalSection
	GlobalSection(NestedProjects) = preSolution
		{2048ADDA-51BA-4FAE-AEBA-A3297942B809} = {827E0CD3-B72D-47B6-A68D-7590B98EB39B}
		{CA1B6C5E-F512-4E74-9579-2A0ADE385080} = {827E0CD3-B72D-47B6-A68D-7590B98EB39B}
		{EAA9F26A-DBFE-4F87-9B92-27FB26D1ABB8} = {827E0CD3-B72D-47B6-A68D-7590B98EB39B}
		{39DE2338-B99C-434C-9AD0-2F54BC20C424} = {827E0CD3-B72D-47B6-A68D-7590B98EB39B}
		{57CD413A-DF44-4D6F-A53A-D194B1B15E60} = {0AB3BF05-4346-4AA6-1389-037BE0695223}
		{DB23D212-67D2-4EAC-AAF6-5096C82FE4A3} = {0AB3BF05-4346-4AA6-1389-037BE0695223}
	EndGlobalSection
EndGlobal
